
Microsoft Visual Studio Solution File, Format Version 12.00
# Visual Studio Version 16
VisualStudioVersion = 16.0.31025.194
MinimumVisualStudioVersion = 10.0.40219.1
Project("{2150E333-8FDC-42A3-9474-1A3956D46DE8}") = "gateway", "gateway", "{2AAF6CDF-22D7-4319-8D8F-31B82F34E2DC}"
EndProject
Project("{2150E333-8FDC-42A3-9474-1A3956D46DE8}") = "lib", "lib", "{9B0D264F-CBF5-4A72-A8CB-CDB4D5EF8B40}"
EndProject
Project("{2150E333-8FDC-42A3-9474-1A3956D46DE8}") = "services", "services", "{479D0160-68BF-4A1E-BC33-A15320E4387D}"
EndProject
Project("{2150E333-8FDC-42A3-9474-1A3956D46DE8}") = "NewFolder1", "NewFolder1", "{C00838B5-51E0-4F06-8232-DAD71E31D547}"
EndProject
Global
	GlobalSection(SolutionProperties) = preSolution
		HideSolutionNode = FALSE
	EndGlobalSection
	GlobalSection(ExtensibilityGlobals) = postSolution
		SolutionGuid = {EBFD7083-EAA8-4C36-B2D6-A5494B3F2BC0}
	EndGlobalSection
EndGlobal
