
Microsoft Visual Studio Solution File, Format Version 12.00
# Visual Studio Version 16
VisualStudioVersion = 16.0.31025.194
MinimumVisualStudioVersion = 10.0.40219.1
Project("{2150E333-8FDC-42A3-9474-1A3956D46DE8}") = "gateway", "gateway", "{2AAF6CDF-22D7-4319-8D8F-31B82F34E2DC}"
EndProject
Project("{2150E333-8FDC-42A3-9474-1A3956D46DE8}") = "lib", "lib", "{9B0D264F-CBF5-4A72-A8CB-CDB4D5EF8B40}"
EndProject
Project("{2150E333-8FDC-42A3-9474-1A3956D46DE8}") = "services", "services", "{479D0160-68BF-4A1E-BC33-A15320E4387D}"
EndProject
Project("{9A19103F-16F7-4668-BE54-9A1E7A4F7556}") = "Gateway", "gateway\Gateway\Gateway.csproj", "{84BA1CF4-EF3E-423B-A103-9443EE354DA3}"
EndProject
Project("{2150E333-8FDC-42A3-9474-1A3956D46DE8}") = "identity", "identity", "{E7B0D24A-6964-406F-A61D-C142273A1FF3}"
EndProject
Project("{2150E333-8FDC-42A3-9474-1A3956D46DE8}") = "order", "order", "{B2FCB049-D5AA-4260-A787-47606AF9C88E}"
EndProject
Project("{2150E333-8FDC-42A3-9474-1A3956D46DE8}") = "product", "product", "{CCB43B78-B792-4498-A294-26E7834A5D41}"
EndProject
Project("{2150E333-8FDC-42A3-9474-1A3956D46DE8}") = "eventbus", "eventbus", "{068FAE1F-090F-4693-82AD-3D75FDF32520}"
EndProject
Project("{2150E333-8FDC-42A3-9474-1A3956D46DE8}") = "core", "core", "{603E3D99-7C51-424D-ACB5-B2F75F42A087}"
EndProject
Project("{9A19103F-16F7-4668-BE54-9A1E7A4F7556}") = "Order.Api", "services\order\Order.Api\Order.Api.csproj", "{6C640FB7-B937-4BF2-A674-78378DE2EAFB}"
EndProject
Project("{9A19103F-16F7-4668-BE54-9A1E7A4F7556}") = "Identity.Api", "services\identity\Identity.Api\Identity.Api.csproj", "{211D88B3-6B1C-4A30-870B-0D7053AAC4F9}"
EndProject
Project("{9A19103F-16F7-4668-BE54-9A1E7A4F7556}") = "Product.Api", "services\product\Product.Api\Product.Api.csproj", "{7A2EC8C0-42B0-4FBF-AC8D-C479838674AD}"
EndProject
Project("{9A19103F-16F7-4668-BE54-9A1E7A4F7556}") = "Zero.EventBus", "lib\eventbus\Zero.EventBus\Zero.EventBus.csproj", "{CAC09A3E-A21C-46CB-A6D2-E1AA7EE93091}"
EndProject
Project("{9A19103F-16F7-4668-BE54-9A1E7A4F7556}") = "Zero.Eventbus.RabbitMQ", "lib\eventbus\Zero.Eventbus.RabbitMQ\Zero.Eventbus.RabbitMQ.csproj", "{A2EE63FD-ACFE-481C-82C8-D5AC9BDD2780}"
EndProject
Project("{9A19103F-16F7-4668-BE54-9A1E7A4F7556}") = "Zero.Eventlog", "lib\eventbus\Zero.Eventlog\Zero.Eventlog.csproj", "{513B21AB-5F3F-4A1B-AD71-BA54DA145418}"
EndProject
Project("{9A19103F-16F7-4668-BE54-9A1E7A4F7556}") = "Zero.Core", "lib\core\Zero.Core\Zero.Core.csproj", "{19A24F2D-0F0D-4411-8B1F-48E67DF44B30}"
EndProject
Project("{E53339B2-1760-4266-BCC7-CA923CBCF16C}") = "docker-compose", "docker-compose.dcproj", "{783215D3-544B-46D4-9679-F3C27B980E44}"
EndProject
Project("{9A19103F-16F7-4668-BE54-9A1E7A4F7556}") = "Order.Test", "services\order\Order.Test\Order.Test.csproj", "{9AE536F1-07E1-45E8-B933-EF8433B46C32}"
EndProject
Project("{9A19103F-16F7-4668-BE54-9A1E7A4F7556}") = "Product.Test", "services\product\Product.Test\Product.Test.csproj", "{C07EE5EE-6015-4545-BDDF-FB9F612520ED}"
EndProject
Project("{2150E333-8FDC-42A3-9474-1A3956D46DE8}") = "command", "command", "{93261914-737A-4343-83AC-1D914E03D74E}"
EndProject
Project("{2150E333-8FDC-42A3-9474-1A3956D46DE8}") = "query", "query", "{79E94717-324A-47E0-A2A4-89E4BC0402E9}"
EndProject
Project("{FAE04EC0-301F-11D3-BF4B-00C04F79EFBC}") = "Product.Command.Api", "services\product\command\Product.Command.Api\Product.Command.Api.csproj", "{D8A08691-4BD4-4735-AB2A-A03CB696C73E}"
EndProject
Project("{FAE04EC0-301F-11D3-BF4B-00C04F79EFBC}") = "Product.Query.Api", "services\product\query\Product.Query.Api\Product.Query.Api.csproj", "{9A31409A-F7FF-4108-8A37-A59144892CA4}"
EndProject
Project("{FAE04EC0-301F-11D3-BF4B-00C04F79EFBC}") = "Product.Command.Test", "services\product\command\Product.Command.Test\Product.Command.Test.csproj", "{3709AB39-5FEE-45AE-8DF7-15305FDE2869}"
EndProject
Project("{FAE04EC0-301F-11D3-BF4B-00C04F79EFBC}") = "Product.Query.Test", "services\product\query\Product.Query.Test\Product.Query.Test.csproj", "{62B03BA9-04BC-480E-B4C6-AF3B8DD78CA8}"
EndProject
Global
	GlobalSection(SolutionConfigurationPlatforms) = preSolution
		Debug|Any CPU = Debug|Any CPU
		Release|Any CPU = Release|Any CPU
	EndGlobalSection
	GlobalSection(ProjectConfigurationPlatforms) = postSolution
		{84BA1CF4-EF3E-423B-A103-9443EE354DA3}.Debug|Any CPU.ActiveCfg = Debug|Any CPU
		{84BA1CF4-EF3E-423B-A103-9443EE354DA3}.Debug|Any CPU.Build.0 = Debug|Any CPU
		{84BA1CF4-EF3E-423B-A103-9443EE354DA3}.Release|Any CPU.ActiveCfg = Release|Any CPU
		{84BA1CF4-EF3E-423B-A103-9443EE354DA3}.Release|Any CPU.Build.0 = Release|Any CPU
		{6C640FB7-B937-4BF2-A674-78378DE2EAFB}.Debug|Any CPU.ActiveCfg = Debug|Any CPU
		{6C640FB7-B937-4BF2-A674-78378DE2EAFB}.Debug|Any CPU.Build.0 = Debug|Any CPU
		{6C640FB7-B937-4BF2-A674-78378DE2EAFB}.Release|Any CPU.ActiveCfg = Release|Any CPU
		{6C640FB7-B937-4BF2-A674-78378DE2EAFB}.Release|Any CPU.Build.0 = Release|Any CPU
		{211D88B3-6B1C-4A30-870B-0D7053AAC4F9}.Debug|Any CPU.ActiveCfg = Debug|Any CPU
		{211D88B3-6B1C-4A30-870B-0D7053AAC4F9}.Debug|Any CPU.Build.0 = Debug|Any CPU
		{211D88B3-6B1C-4A30-870B-0D7053AAC4F9}.Release|Any CPU.ActiveCfg = Release|Any CPU
		{211D88B3-6B1C-4A30-870B-0D7053AAC4F9}.Release|Any CPU.Build.0 = Release|Any CPU
		{7A2EC8C0-42B0-4FBF-AC8D-C479838674AD}.Debug|Any CPU.ActiveCfg = Debug|Any CPU
		{7A2EC8C0-42B0-4FBF-AC8D-C479838674AD}.Debug|Any CPU.Build.0 = Debug|Any CPU
		{7A2EC8C0-42B0-4FBF-AC8D-C479838674AD}.Release|Any CPU.ActiveCfg = Release|Any CPU
		{7A2EC8C0-42B0-4FBF-AC8D-C479838674AD}.Release|Any CPU.Build.0 = Release|Any CPU
		{CAC09A3E-A21C-46CB-A6D2-E1AA7EE93091}.Debug|Any CPU.ActiveCfg = Debug|Any CPU
		{CAC09A3E-A21C-46CB-A6D2-E1AA7EE93091}.Debug|Any CPU.Build.0 = Debug|Any CPU
		{CAC09A3E-A21C-46CB-A6D2-E1AA7EE93091}.Release|Any CPU.ActiveCfg = Release|Any CPU
		{CAC09A3E-A21C-46CB-A6D2-E1AA7EE93091}.Release|Any CPU.Build.0 = Release|Any CPU
		{A2EE63FD-ACFE-481C-82C8-D5AC9BDD2780}.Debug|Any CPU.ActiveCfg = Debug|Any CPU
		{A2EE63FD-ACFE-481C-82C8-D5AC9BDD2780}.Debug|Any CPU.Build.0 = Debug|Any CPU
		{A2EE63FD-ACFE-481C-82C8-D5AC9BDD2780}.Release|Any CPU.ActiveCfg = Release|Any CPU
		{A2EE63FD-ACFE-481C-82C8-D5AC9BDD2780}.Release|Any CPU.Build.0 = Release|Any CPU
		{513B21AB-5F3F-4A1B-AD71-BA54DA145418}.Debug|Any CPU.ActiveCfg = Debug|Any CPU
		{513B21AB-5F3F-4A1B-AD71-BA54DA145418}.Debug|Any CPU.Build.0 = Debug|Any CPU
		{513B21AB-5F3F-4A1B-AD71-BA54DA145418}.Release|Any CPU.ActiveCfg = Release|Any CPU
		{513B21AB-5F3F-4A1B-AD71-BA54DA145418}.Release|Any CPU.Build.0 = Release|Any CPU
		{19A24F2D-0F0D-4411-8B1F-48E67DF44B30}.Debug|Any CPU.ActiveCfg = Debug|Any CPU
		{19A24F2D-0F0D-4411-8B1F-48E67DF44B30}.Debug|Any CPU.Build.0 = Debug|Any CPU
		{19A24F2D-0F0D-4411-8B1F-48E67DF44B30}.Release|Any CPU.ActiveCfg = Release|Any CPU
		{19A24F2D-0F0D-4411-8B1F-48E67DF44B30}.Release|Any CPU.Build.0 = Release|Any CPU
		{783215D3-544B-46D4-9679-F3C27B980E44}.Debug|Any CPU.ActiveCfg = Debug|Any CPU
		{783215D3-544B-46D4-9679-F3C27B980E44}.Debug|Any CPU.Build.0 = Debug|Any CPU
		{783215D3-544B-46D4-9679-F3C27B980E44}.Release|Any CPU.ActiveCfg = Release|Any CPU
		{783215D3-544B-46D4-9679-F3C27B980E44}.Release|Any CPU.Build.0 = Release|Any CPU
		{9AE536F1-07E1-45E8-B933-EF8433B46C32}.Debug|Any CPU.ActiveCfg = Debug|Any CPU
		{9AE536F1-07E1-45E8-B933-EF8433B46C32}.Debug|Any CPU.Build.0 = Debug|Any CPU
		{9AE536F1-07E1-45E8-B933-EF8433B46C32}.Release|Any CPU.ActiveCfg = Release|Any CPU
		{9AE536F1-07E1-45E8-B933-EF8433B46C32}.Release|Any CPU.Build.0 = Release|Any CPU
		{C07EE5EE-6015-4545-BDDF-FB9F612520ED}.Debug|Any CPU.ActiveCfg = Debug|Any CPU
		{C07EE5EE-6015-4545-BDDF-FB9F612520ED}.Debug|Any CPU.Build.0 = Debug|Any CPU
		{C07EE5EE-6015-4545-BDDF-FB9F612520ED}.Release|Any CPU.ActiveCfg = Release|Any CPU
		{C07EE5EE-6015-4545-BDDF-FB9F612520ED}.Release|Any CPU.Build.0 = Release|Any CPU
		{D8A08691-4BD4-4735-AB2A-A03CB696C73E}.Debug|Any CPU.ActiveCfg = Debug|Any CPU
		{D8A08691-4BD4-4735-AB2A-A03CB696C73E}.Debug|Any CPU.Build.0 = Debug|Any CPU
		{D8A08691-4BD4-4735-AB2A-A03CB696C73E}.Release|Any CPU.ActiveCfg = Release|Any CPU
		{D8A08691-4BD4-4735-AB2A-A03CB696C73E}.Release|Any CPU.Build.0 = Release|Any CPU
		{9A31409A-F7FF-4108-8A37-A59144892CA4}.Debug|Any CPU.ActiveCfg = Debug|Any CPU
		{9A31409A-F7FF-4108-8A37-A59144892CA4}.Debug|Any CPU.Build.0 = Debug|Any CPU
		{9A31409A-F7FF-4108-8A37-A59144892CA4}.Release|Any CPU.ActiveCfg = Release|Any CPU
		{9A31409A-F7FF-4108-8A37-A59144892CA4}.Release|Any CPU.Build.0 = Release|Any CPU
		{3709AB39-5FEE-45AE-8DF7-15305FDE2869}.Debug|Any CPU.ActiveCfg = Debug|Any CPU
		{3709AB39-5FEE-45AE-8DF7-15305FDE2869}.Debug|Any CPU.Build.0 = Debug|Any CPU
		{3709AB39-5FEE-45AE-8DF7-15305FDE2869}.Release|Any CPU.ActiveCfg = Release|Any CPU
		{3709AB39-5FEE-45AE-8DF7-15305FDE2869}.Release|Any CPU.Build.0 = Release|Any CPU
		{62B03BA9-04BC-480E-B4C6-AF3B8DD78CA8}.Debug|Any CPU.ActiveCfg = Debug|Any CPU
		{62B03BA9-04BC-480E-B4C6-AF3B8DD78CA8}.Debug|Any CPU.Build.0 = Debug|Any CPU
		{62B03BA9-04BC-480E-B4C6-AF3B8DD78CA8}.Release|Any CPU.ActiveCfg = Release|Any CPU
		{62B03BA9-04BC-480E-B4C6-AF3B8DD78CA8}.Release|Any CPU.Build.0 = Release|Any CPU
	EndGlobalSection
	GlobalSection(SolutionProperties) = preSolution
		HideSolutionNode = FALSE
	EndGlobalSection
	GlobalSection(NestedProjects) = preSolution
		{84BA1CF4-EF3E-423B-A103-9443EE354DA3} = {2AAF6CDF-22D7-4319-8D8F-31B82F34E2DC}
		{E7B0D24A-6964-406F-A61D-C142273A1FF3} = {479D0160-68BF-4A1E-BC33-A15320E4387D}
		{B2FCB049-D5AA-4260-A787-47606AF9C88E} = {479D0160-68BF-4A1E-BC33-A15320E4387D}
		{CCB43B78-B792-4498-A294-26E7834A5D41} = {479D0160-68BF-4A1E-BC33-A15320E4387D}
		{068FAE1F-090F-4693-82AD-3D75FDF32520} = {9B0D264F-CBF5-4A72-A8CB-CDB4D5EF8B40}
		{603E3D99-7C51-424D-ACB5-B2F75F42A087} = {9B0D264F-CBF5-4A72-A8CB-CDB4D5EF8B40}
		{6C640FB7-B937-4BF2-A674-78378DE2EAFB} = {B2FCB049-D5AA-4260-A787-47606AF9C88E}
		{211D88B3-6B1C-4A30-870B-0D7053AAC4F9} = {E7B0D24A-6964-406F-A61D-C142273A1FF3}
		{7A2EC8C0-42B0-4FBF-AC8D-C479838674AD} = {CCB43B78-B792-4498-A294-26E7834A5D41}
		{CAC09A3E-A21C-46CB-A6D2-E1AA7EE93091} = {068FAE1F-090F-4693-82AD-3D75FDF32520}
		{A2EE63FD-ACFE-481C-82C8-D5AC9BDD2780} = {068FAE1F-090F-4693-82AD-3D75FDF32520}
		{513B21AB-5F3F-4A1B-AD71-BA54DA145418} = {068FAE1F-090F-4693-82AD-3D75FDF32520}
		{19A24F2D-0F0D-4411-8B1F-48E67DF44B30} = {603E3D99-7C51-424D-ACB5-B2F75F42A087}
		{9AE536F1-07E1-45E8-B933-EF8433B46C32} = {B2FCB049-D5AA-4260-A787-47606AF9C88E}
		{C07EE5EE-6015-4545-BDDF-FB9F612520ED} = {CCB43B78-B792-4498-A294-26E7834A5D41}
		{93261914-737A-4343-83AC-1D914E03D74E} = {CCB43B78-B792-4498-A294-26E7834A5D41}
		{79E94717-324A-47E0-A2A4-89E4BC0402E9} = {CCB43B78-B792-4498-A294-26E7834A5D41}
		{D8A08691-4BD4-4735-AB2A-A03CB696C73E} = {93261914-737A-4343-83AC-1D914E03D74E}
		{9A31409A-F7FF-4108-8A37-A59144892CA4} = {79E94717-324A-47E0-A2A4-89E4BC0402E9}
		{3709AB39-5FEE-45AE-8DF7-15305FDE2869} = {93261914-737A-4343-83AC-1D914E03D74E}
		{62B03BA9-04BC-480E-B4C6-AF3B8DD78CA8} = {79E94717-324A-47E0-A2A4-89E4BC0402E9}
	EndGlobalSection
	GlobalSection(ExtensibilityGlobals) = postSolution
		SolutionGuid = {EBFD7083-EAA8-4C36-B2D6-A5494B3F2BC0}
	EndGlobalSection
EndGlobal
